{
  "name": "win-desk",
  "lockfileVersion": 2,
  "requires": true,
  "packages": {
    "": {
      "dependencies": {
        "sortablejs": "^1.15.1",
        "vue-draggable-plus": "^0.3.2",
        "vuedraggable": "^2.24.3"
      }
    },
    "node_modules/@types/sortablejs": {
      "version": "1.15.7",
      "resolved": "https://registry.npmmirror.com/@types/sortablejs/-/sortablejs-1.15.7.tgz",
      "integrity": "sha512-PvgWCx1Lbgm88FdQ6S7OGvLIjWS66mudKPlfdrWil0TjsO5zmoZmzoKiiwRShs1dwPgrlkr0N4ewuy0/+QUXYQ==",
      "peer": true
    },
    "node_modules/sortablejs": {
      "version": "1.15.1",
      "resolved": "https://registry.npmmirror.com/sortablejs/-/sortablejs-1.15.1.tgz",
      "integrity": "sha512-P5Cjvb0UG1ZVNiDPj/n4V+DinttXG6K8n7vM/HQf0C25K3YKQTQY6fsr/sEGsJGpQ9exmPxluHxKBc0mLKU1lQ=="
    },
    "node_modules/vue-draggable-plus": {
      "version": "0.3.2",
      "resolved": "https://registry.npmmirror.com/vue-draggable-plus/-/vue-draggable-plus-0.3.2.tgz",
      "integrity": "sha512-O3ryS/Djei1HAv2ijIGDmIxd32B3rNaaJCafT2H15JBv2ffff5mr9LCcpWgex2QvPTypeDnHAdin+LaKh80g8Q==",
      "peerDependencies": {
        "@types/sortablejs": "^1.15.0"
      },
      "peerDependenciesMeta": {
        "@vue/composition-api": {
          "optional": true
        }
      }
    },
    "node_modules/vuedraggable": {
      "version": "2.24.3",
      "resolved": "https://registry.npmmirror.com/vuedraggable/-/vuedraggable-2.24.3.tgz",
      "integrity": "sha512-6/HDXi92GzB+Hcs9fC6PAAozK1RLt1ewPTLjK0anTYguXLAeySDmcnqE8IC0xa7shvSzRjQXq3/+dsZ7ETGF3g==",
      "dependencies": {
        "sortablejs": "1.10.2"
      }
    },
    "node_modules/vuedraggable/node_modules/sortablejs": {
      "version": "1.10.2",
      "resolved": "https://registry.npmmirror.com/sortablejs/-/sortablejs-1.10.2.tgz",
      "integrity": "sha512-YkPGufevysvfwn5rfdlGyrGjt7/CRHwvRPogD/lC+TnvcN29jDpCifKP+rBqf+LRldfXSTh+0CGLcSg0VIxq3A=="
    }
  },
  "dependencies": {
    "@types/sortablejs": {
      "version": "1.15.7",
      "resolved": "https://registry.npmmirror.com/@types/sortablejs/-/sortablejs-1.15.7.tgz",
      "integrity": "sha512-PvgWCx1Lbgm88FdQ6S7OGvLIjWS66mudKPlfdrWil0TjsO5zmoZmzoKiiwRShs1dwPgrlkr0N4ewuy0/+QUXYQ==",
      "peer": true
    },
    "sortablejs": {
      "version": "1.15.1",
      "resolved": "https://registry.npmmirror.com/sortablejs/-/sortablejs-1.15.1.tgz",
      "integrity": "sha512-P5Cjvb0UG1ZVNiDPj/n4V+DinttXG6K8n7vM/HQf0C25K3YKQTQY6fsr/sEGsJGpQ9exmPxluHxKBc0mLKU1lQ=="
    },
    "vue-draggable-plus": {
      "version": "0.3.2",
      "resolved": "https://registry.npmmirror.com/vue-draggable-plus/-/vue-draggable-plus-0.3.2.tgz",
      "integrity": "sha512-O3ryS/Djei1HAv2ijIGDmIxd32B3rNaaJCafT2H15JBv2ffff5mr9LCcpWgex2QvPTypeDnHAdin+LaKh80g8Q==",
      "requires": {}
    },
    "vuedraggable": {
      "version": "2.24.3",
      "resolved": "https://registry.npmmirror.com/vuedraggable/-/vuedraggable-2.24.3.tgz",
      "integrity": "sha512-6/HDXi92GzB+Hcs9fC6PAAozK1RLt1ewPTLjK0anTYguXLAeySDmcnqE8IC0xa7shvSzRjQXq3/+dsZ7ETGF3g==",
      "requires": {
        "sortablejs": "1.10.2"
      },
      "dependencies": {
        "sortablejs": {
          "version": "1.10.2",
          "resolved": "https://registry.npmmirror.com/sortablejs/-/sortablejs-1.10.2.tgz",
          "integrity": "sha512-YkPGufevysvfwn5rfdlGyrGjt7/CRHwvRPogD/lC+TnvcN29jDpCifKP+rBqf+LRldfXSTh+0CGLcSg0VIxq3A=="
        }
      }
    }
  }
}
